
Microsoft Visual Studio Solution File, Format Version 12.00
# Visual Studio Version 17
VisualStudioVersion = 17.4.33110.190
MinimumVisualStudioVersion = 10.0.40219.1
Project("{8BC9CEB8-8B4A-11D0-8D11-00A0C91BC942}") = "lab3", "lab3\lab3.vcxproj", "{378DBA19-40C9-4F2D-880B-2B502B8FE128}"
EndProject
Global
	GlobalSection(SolutionConfigurationPlatforms) = preSolution
		Debug|x64 = Debug|x64
		Debug|x86 = Debug|x86
		Release|x64 = Release|x64
		Release|x86 = Release|x86
	EndGlobalSection
	GlobalSection(ProjectConfigurationPlatforms) = postSolution
		{378DBA19-40C9-4F2D-880B-2B502B8FE128}.Debug|x64.ActiveCfg = Debug|x64
		{378DBA19-40C9-4F2D-880B-2B502B8FE128}.Debug|x64.Build.0 = Debug|x64
		{378DBA19-40C9-4F2D-880B-2B502B8FE128}.Debug|x86.ActiveCfg = Debug|Win32
		{378DBA19-40C9-4F2D-880B-2B502B8FE128}.Debug|x86.Build.0 = Debug|Win32
		{378DBA19-40C9-4F2D-880B-2B502B8FE128}.Release|x64.ActiveCfg = Release|x64
		{378DBA19-40C9-4F2D-880B-2B502B8FE128}.Release|x64.Build.0 = Release|x64
		{378DBA19-40C9-4F2D-880B-2B502B8FE128}.Release|x86.ActiveCfg = Release|Win32
		{378DBA19-40C9-4F2D-880B-2B502B8FE128}.Release|x86.Build.0 = Release|Win32
	EndGlobalSection
	GlobalSection(SolutionProperties) = preSolution
		HideSolutionNode = FALSE
	EndGlobalSection
	GlobalSection(ExtensibilityGlobals) = postSolution
		SolutionGuid = {506F6FA0-7567-408B-8890-DCAF1146DD6F}
	EndGlobalSection
EndGlobal
